
Microsoft Visual Studio Solution File, Format Version 12.00
# Visual Studio Version 17
VisualStudioVersion = 17.2.32519.379
MinimumVisualStudioVersion = 10.0.40219.1
Project("{FAE04EC0-301F-11D3-BF4B-00C04F79EFBC}") = "PayrollSystem", "PayrollSystem.csproj", "{4D7993C3-840C-4FB7-A498-31F8EE1C614B}"
EndProject
Global
	GlobalSection(SolutionConfigurationPlatforms) = preSolution
		Debug|Any CPU = Debug|Any CPU
		Release|Any CPU = Release|Any CPU
	EndGlobalSection
	GlobalSection(ProjectConfigurationPlatforms) = postSolution
		{4D7993C3-840C-4FB7-A498-31F8EE1C614B}.Debug|Any CPU.ActiveCfg = Debug|Any CPU
		{4D7993C3-840C-4FB7-A498-31F8EE1C614B}.Debug|Any CPU.Build.0 = Debug|Any CPU
		{4D7993C3-840C-4FB7-A498-31F8EE1C614B}.Release|Any CPU.ActiveCfg = Release|Any CPU
		{4D7993C3-840C-4FB7-A498-31F8EE1C614B}.Release|Any CPU.Build.0 = Release|Any CPU
	EndGlobalSection
	GlobalSection(SolutionProperties) = preSolution
		HideSolutionNode = FALSE
	EndGlobalSection
	GlobalSection(ExtensibilityGlobals) = postSolution
		SolutionGuid = {432A1204-7206-402C-B9D1-F87587B16880}
	EndGlobalSection
EndGlobal
